// !$*UTF8*$!
{
	archiveVersion = 1;
	classes = {
	};
	objectVersion = 46;
	objects = {

/* Begin PBXBuildFile section */
		3B1279551C6B160300BDBB06 /* hmac.cpp in Sources */ = {isa = PBXBuildFile; fileRef = 3B1279521C6B15FF00BDBB06 /* hmac.cpp */; };
		3B1279581C6B18BA00BDBB06 /* Hash.cpp in Sources */ = {isa = PBXBuildFile; fileRef = 3B1279561C6B18BA00BDBB06 /* Hash.cpp */; };
		3B1279591C6B18BA00BDBB06 /* Hash.h in Headers */ = {isa = PBXBuildFile; fileRef = 3B1279571C6B18BA00BDBB06 /* Hash.h */; };
		3B12795C1C6B1C2200BDBB06 /* SSH_HMAC.cpp in Sources */ = {isa = PBXBuildFile; fileRef = 3B12795A1C6B1C2200BDBB06 /* SSH_HMAC.cpp */; };
		3B12795D1C6B1C2200BDBB06 /* SSH_HMAC.h in Headers */ = {isa = PBXBuildFile; fileRef = 3B12795B1C6B1C2200BDBB06 /* SSH_HMAC.h */; };
		3B40C5111C4F69E3004DA8E5 /* Maths.cpp in Sources */ = {isa = PBXBuildFile; fileRef = 3B40C50F1C4F69E3004DA8E5 /* Maths.cpp */; };
		3B40C5121C4F69E3004DA8E5 /* Maths.h in Headers */ = {isa = PBXBuildFile; fileRef = 3B40C5101C4F69E3004DA8E5 /* Maths.h */; };
		3B40C5151C55CF0E004DA8E5 /* BlumBlumShub.cpp in Sources */ = {isa = PBXBuildFile; fileRef = 3B40C5131C55CF0E004DA8E5 /* BlumBlumShub.cpp */; };
		3B40C5161C55CF0E004DA8E5 /* BlumBlumShub.h in Headers */ = {isa = PBXBuildFile; fileRef = 3B40C5141C55CF0E004DA8E5 /* BlumBlumShub.h */; };
		3B40C51B1C5E0861004DA8E5 /* DiffieHellman.cpp in Sources */ = {isa = PBXBuildFile; fileRef = 3B40C5191C5E0861004DA8E5 /* DiffieHellman.cpp */; };
		3B40C51C1C5E0861004DA8E5 /* DiffieHellman.h in Headers */ = {isa = PBXBuildFile; fileRef = 3B40C51A1C5E0861004DA8E5 /* DiffieHellman.h */; };
		3B40C51F1C5F52B7004DA8E5 /* sha1.cpp in Sources */ = {isa = PBXBuildFile; fileRef = 3B40C51D1C5F52B7004DA8E5 /* sha1.cpp */; };
		3B40C5201C5F52B7004DA8E5 /* sha1.h in Headers */ = {isa = PBXBuildFile; fileRef = 3B40C51E1C5F52B7004DA8E5 /* sha1.h */; };
		3B40C5231C60A9EF004DA8E5 /* RSA.cpp in Sources */ = {isa = PBXBuildFile; fileRef = 3B40C5211C60A9EF004DA8E5 /* RSA.cpp */; };
		3B40C5241C60A9EF004DA8E5 /* RSA.h in Headers */ = {isa = PBXBuildFile; fileRef = 3B40C5221C60A9EF004DA8E5 /* RSA.h */; };
		3B40C5271C61F9D8004DA8E5 /* SSH_RSA.cpp in Sources */ = {isa = PBXBuildFile; fileRef = 3B40C5251C61F9D8004DA8E5 /* SSH_RSA.cpp */; };
		3B40C5281C61F9D8004DA8E5 /* SSH_RSA.h in Headers */ = {isa = PBXBuildFile; fileRef = 3B40C5261C61F9D8004DA8E5 /* SSH_RSA.h */; };
		3B40C52B1C684EC8004DA8E5 /* Encryption.cpp in Sources */ = {isa = PBXBuildFile; fileRef = 3B40C52A1C684EC8004DA8E5 /* Encryption.cpp */; };
		3B40C52E1C68500D004DA8E5 /* Operations.cpp in Sources */ = {isa = PBXBuildFile; fileRef = 3B40C52C1C68500D004DA8E5 /* Operations.cpp */; };
		3B40C52F1C68500D004DA8E5 /* Operations.h in Headers */ = {isa = PBXBuildFile; fileRef = 3B40C52D1C68500D004DA8E5 /* Operations.h */; };
		3B40C5321C6855CC004DA8E5 /* AES.cpp in Sources */ = {isa = PBXBuildFile; fileRef = 3B40C5301C6855CC004DA8E5 /* AES.cpp */; };
		3B40C5331C6855CC004DA8E5 /* AES.h in Headers */ = {isa = PBXBuildFile; fileRef = 3B40C5311C6855CC004DA8E5 /* AES.h */; };
		3B40C5361C69EEC8004DA8E5 /* SSH_AES.cpp in Sources */ = {isa = PBXBuildFile; fileRef = 3B40C5341C69EEC8004DA8E5 /* SSH_AES.cpp */; };
		3B40C5371C69EEC8004DA8E5 /* SSH_AES.h in Headers */ = {isa = PBXBuildFile; fileRef = 3B40C5351C69EEC8004DA8E5 /* SSH_AES.h */; };
		3B7D1BB41C42FB8F00C380C9 /* main.cpp in Sources */ = {isa = PBXBuildFile; fileRef = 3B7D1BB31C42FB8F00C380C9 /* main.cpp */; };
		3B7D1BB61C42FB8F00C380C9 /* minissh.1 in CopyFiles */ = {isa = PBXBuildFile; fileRef = 3B7D1BB51C42FB8F00C380C9 /* minissh.1 */; };
		3B7D1BC41C42FBCE00C380C9 /* liblibminissh.dylib in Frameworks */ = {isa = PBXBuildFile; fileRef = 3B7D1BC01C42FBBD00C380C9 /* liblibminissh.dylib */; };
		3B7D1BD21C437E2A00C380C9 /* Types.cpp in Sources */ = {isa = PBXBuildFile; fileRef = 3B7D1BD01C437E2A00C380C9 /* Types.cpp */; };
		3B7D1BDB1C438B4100C380C9 /* Transport.cpp in Sources */ = {isa = PBXBuildFile; fileRef = 3B7D1BD91C438B4100C380C9 /* Transport.cpp */; };
		3B7D1BDC1C438B4100C380C9 /* Transport.h in Headers */ = {isa = PBXBuildFile; fileRef = 3B7D1BDA1C438B4100C380C9 /* Transport.h */; };
		3BC49EDC24D7550D00312430 /* SshNumbers.cpp in Sources */ = {isa = PBXBuildFile; fileRef = 3BC49EDB24D7550C00312430 /* SshNumbers.cpp */; };
		3BECB18924989755004798E5 /* Base64.cpp in Sources */ = {isa = PBXBuildFile; fileRef = 3BECB18724989755004798E5 /* Base64.cpp */; };
		3BECB18A24989755004798E5 /* Base64.h in Headers */ = {isa = PBXBuildFile; fileRef = 3BECB18824989755004798E5 /* Base64.h */; };
		3BECB18D2498C8BA004798E5 /* DerFile.cpp in Sources */ = {isa = PBXBuildFile; fileRef = 3BECB18B2498C8BA004798E5 /* DerFile.cpp */; };
		3BECB18E2498C8BA004798E5 /* DerFile.h in Headers */ = {isa = PBXBuildFile; fileRef = 3BECB18C2498C8BA004798E5 /* DerFile.h */; };
		3BECB19124A0993D004798E5 /* KeyFile.cpp in Sources */ = {isa = PBXBuildFile; fileRef = 3BECB18F24A0993D004798E5 /* KeyFile.cpp */; };
		3BECB19224A0993D004798E5 /* KeyFile.h in Headers */ = {isa = PBXBuildFile; fileRef = 3BECB19024A0993D004798E5 /* KeyFile.h */; };
		3BFDC1401C6F34F900024654 /* Client.cpp in Sources */ = {isa = PBXBuildFile; fileRef = 3BFDC13E1C6F34F900024654 /* Client.cpp */; };
		3BFDC1411C6F34F900024654 /* Client.h in Headers */ = {isa = PBXBuildFile; fileRef = 3BFDC13F1C6F34F900024654 /* Client.h */; };
		3BFDC1441C73216F00024654 /* SshAuth.cpp in Sources */ = {isa = PBXBuildFile; fileRef = 3BFDC1421C73216F00024654 /* SshAuth.cpp */; };
		3BFDC1451C73216F00024654 /* SshAuth.h in Headers */ = {isa = PBXBuildFile; fileRef = 3BFDC1431C73216F00024654 /* SshAuth.h */; };
		3BFDC1481C75CB7A00024654 /* Connection.cpp in Sources */ = {isa = PBXBuildFile; fileRef = 3BFDC1461C75CB7A00024654 /* Connection.cpp */; };
		3BFDC1491C75CB7A00024654 /* Connection.h in Headers */ = {isa = PBXBuildFile; fileRef = 3BFDC1471C75CB7A00024654 /* Connection.h */; };
		3BFDC1501C78805900024654 /* Session.cpp in Sources */ = {isa = PBXBuildFile; fileRef = 3BFDC14E1C78805900024654 /* Session.cpp */; };
		3BFDC1511C78805900024654 /* Session.h in Headers */ = {isa = PBXBuildFile; fileRef = 3BFDC14F1C78805900024654 /* Session.h */; };
/* End PBXBuildFile section */

/* Begin PBXContainerItemProxy section */
		3B7D1BC51C42FBE500C380C9 /* PBXContainerItemProxy */ = {
			isa = PBXContainerItemProxy;
			containerPortal = 3B7D1BA81C42FB8F00C380C9 /* Project object */;
			proxyType = 1;
			remoteGlobalIDString = 3B7D1BBF1C42FBBD00C380C9;
			remoteInfo = libminissh;
		};
/* End PBXContainerItemProxy section */

/* Begin PBXCopyFilesBuildPhase section */
		3B7D1BAE1C42FB8F00C380C9 /* CopyFiles */ = {
			isa = PBXCopyFilesBuildPhase;
			buildActionMask = 2147483647;
			dstPath = /usr/share/man/man1/;
			dstSubfolderSpec = 0;
			files = (
				3B7D1BB61C42FB8F00C380C9 /* minissh.1 in CopyFiles */,
			);
			runOnlyForDeploymentPostprocessing = 1;
		};
/* End PBXCopyFilesBuildPhase section */

/* Begin PBXFileReference section */
		3B1279521C6B15FF00BDBB06 /* hmac.cpp */ = {isa = PBXFileReference; fileEncoding = 4; lastKnownFileType = sourcecode.cpp.cpp; name = hmac.cpp; path = minissh/Library/hmac.cpp; sourceTree = "<group>"; };
		3B1279531C6B15FF00BDBB06 /* hmac.h */ = {isa = PBXFileReference; fileEncoding = 4; lastKnownFileType = sourcecode.c.h; name = hmac.h; path = minissh/Library/hmac.h; sourceTree = "<group>"; };
		3B1279561C6B18BA00BDBB06 /* Hash.cpp */ = {isa = PBXFileReference; fileEncoding = 4; lastKnownFileType = sourcecode.cpp.cpp; name = Hash.cpp; path = minissh/Library/Hash.cpp; sourceTree = "<group>"; };
		3B1279571C6B18BA00BDBB06 /* Hash.h */ = {isa = PBXFileReference; fileEncoding = 4; lastKnownFileType = sourcecode.c.h; name = Hash.h; path = minissh/Library/Hash.h; sourceTree = "<group>"; };
		3B12795A1C6B1C2200BDBB06 /* SSH_HMAC.cpp */ = {isa = PBXFileReference; fileEncoding = 4; lastKnownFileType = sourcecode.cpp.cpp; name = SSH_HMAC.cpp; path = minissh/Library/SSH_HMAC.cpp; sourceTree = "<group>"; };
		3B12795B1C6B1C2200BDBB06 /* SSH_HMAC.h */ = {isa = PBXFileReference; fileEncoding = 4; lastKnownFileType = sourcecode.c.h; name = SSH_HMAC.h; path = minissh/Library/SSH_HMAC.h; sourceTree = "<group>"; };
		3B40C5091C4DC478004DA8E5 /* SshNumbers.h */ = {isa = PBXFileReference; lastKnownFileType = sourcecode.c.h; name = SshNumbers.h; path = minissh/Library/SshNumbers.h; sourceTree = "<group>"; };
		3B40C50F1C4F69E3004DA8E5 /* Maths.cpp */ = {isa = PBXFileReference; fileEncoding = 4; lastKnownFileType = sourcecode.cpp.cpp; name = Maths.cpp; path = minissh/Library/Maths.cpp; sourceTree = "<group>"; };
		3B40C5101C4F69E3004DA8E5 /* Maths.h */ = {isa = PBXFileReference; fileEncoding = 4; lastKnownFileType = sourcecode.c.h; name = Maths.h; path = minissh/Library/Maths.h; sourceTree = "<group>"; };
		3B40C5131C55CF0E004DA8E5 /* BlumBlumShub.cpp */ = {isa = PBXFileReference; fileEncoding = 4; lastKnownFileType = sourcecode.cpp.cpp; name = BlumBlumShub.cpp; path = minissh/Library/BlumBlumShub.cpp; sourceTree = "<group>"; };
		3B40C5141C55CF0E004DA8E5 /* BlumBlumShub.h */ = {isa = PBXFileReference; fileEncoding = 4; lastKnownFileType = sourcecode.c.h; name = BlumBlumShub.h; path = minissh/Library/BlumBlumShub.h; sourceTree = "<group>"; };
		3B40C5171C55F850004DA8E5 /* libSystem.dylib */ = {isa = PBXFileReference; lastKnownFileType = "compiled.mach-o.dylib"; name = libSystem.dylib; path = usr/lib/libSystem.dylib; sourceTree = SDKROOT; };
		3B40C5191C5E0861004DA8E5 /* DiffieHellman.cpp */ = {isa = PBXFileReference; fileEncoding = 4; lastKnownFileType = sourcecode.cpp.cpp; name = DiffieHellman.cpp; path = minissh/Library/DiffieHellman.cpp; sourceTree = "<group>"; };
		3B40C51A1C5E0861004DA8E5 /* DiffieHellman.h */ = {isa = PBXFileReference; fileEncoding = 4; lastKnownFileType = sourcecode.c.h; name = DiffieHellman.h; path = minissh/Library/DiffieHellman.h; sourceTree = "<group>"; };
		3B40C51D1C5F52B7004DA8E5 /* sha1.cpp */ = {isa = PBXFileReference; fileEncoding = 4; lastKnownFileType = sourcecode.cpp.cpp; name = sha1.cpp; path = minissh/Library/sha1.cpp; sourceTree = "<group>"; };
		3B40C51E1C5F52B7004DA8E5 /* sha1.h */ = {isa = PBXFileReference; fileEncoding = 4; lastKnownFileType = sourcecode.c.h; name = sha1.h; path = minissh/Library/sha1.h; sourceTree = "<group>"; };
		3B40C5211C60A9EF004DA8E5 /* RSA.cpp */ = {isa = PBXFileReference; fileEncoding = 4; lastKnownFileType = sourcecode.cpp.cpp; name = RSA.cpp; path = minissh/Library/RSA.cpp; sourceTree = "<group>"; };
		3B40C5221C60A9EF004DA8E5 /* RSA.h */ = {isa = PBXFileReference; fileEncoding = 4; lastKnownFileType = sourcecode.c.h; name = RSA.h; path = minissh/Library/RSA.h; sourceTree = "<group>"; };
		3B40C5251C61F9D8004DA8E5 /* SSH_RSA.cpp */ = {isa = PBXFileReference; fileEncoding = 4; lastKnownFileType = sourcecode.cpp.cpp; name = SSH_RSA.cpp; path = minissh/Library/SSH_RSA.cpp; sourceTree = "<group>"; };
		3B40C5261C61F9D8004DA8E5 /* SSH_RSA.h */ = {isa = PBXFileReference; fileEncoding = 4; lastKnownFileType = sourcecode.c.h; name = SSH_RSA.h; path = minissh/Library/SSH_RSA.h; sourceTree = "<group>"; };
		3B40C5291C6845E7004DA8E5 /* Encryption.h */ = {isa = PBXFileReference; lastKnownFileType = sourcecode.c.h; name = Encryption.h; path = minissh/Library/Encryption.h; sourceTree = "<group>"; };
		3B40C52A1C684EC8004DA8E5 /* Encryption.cpp */ = {isa = PBXFileReference; fileEncoding = 4; lastKnownFileType = sourcecode.cpp.cpp; name = Encryption.cpp; path = minissh/Library/Encryption.cpp; sourceTree = "<group>"; };
		3B40C52C1C68500D004DA8E5 /* Operations.cpp */ = {isa = PBXFileReference; fileEncoding = 4; lastKnownFileType = sourcecode.cpp.cpp; name = Operations.cpp; path = minissh/Library/Operations.cpp; sourceTree = "<group>"; };
		3B40C52D1C68500D004DA8E5 /* Operations.h */ = {isa = PBXFileReference; fileEncoding = 4; lastKnownFileType = sourcecode.c.h; name = Operations.h; path = minissh/Library/Operations.h; sourceTree = "<group>"; };
		3B40C5301C6855CC004DA8E5 /* AES.cpp */ = {isa = PBXFileReference; fileEncoding = 4; lastKnownFileType = sourcecode.cpp.cpp; name = AES.cpp; path = minissh/Library/AES.cpp; sourceTree = "<group>"; };
		3B40C5311C6855CC004DA8E5 /* AES.h */ = {isa = PBXFileReference; fileEncoding = 4; lastKnownFileType = sourcecode.c.h; name = AES.h; path = minissh/Library/AES.h; sourceTree = "<group>"; };
		3B40C5341C69EEC8004DA8E5 /* SSH_AES.cpp */ = {isa = PBXFileReference; fileEncoding = 4; lastKnownFileType = sourcecode.cpp.cpp; name = SSH_AES.cpp; path = minissh/Library/SSH_AES.cpp; sourceTree = "<group>"; };
		3B40C5351C69EEC8004DA8E5 /* SSH_AES.h */ = {isa = PBXFileReference; fileEncoding = 4; lastKnownFileType = sourcecode.c.h; name = SSH_AES.h; path = minissh/Library/SSH_AES.h; sourceTree = "<group>"; };
		3B7D1BB01C42FB8F00C380C9 /* minissh */ = {isa = PBXFileReference; explicitFileType = "compiled.mach-o.executable"; includeInIndex = 0; path = minissh; sourceTree = BUILT_PRODUCTS_DIR; };
		3B7D1BB31C42FB8F00C380C9 /* main.cpp */ = {isa = PBXFileReference; lastKnownFileType = sourcecode.cpp.cpp; path = main.cpp; sourceTree = "<group>"; };
		3B7D1BB51C42FB8F00C380C9 /* minissh.1 */ = {isa = PBXFileReference; lastKnownFileType = text.man; path = minissh.1; sourceTree = "<group>"; };
		3B7D1BC01C42FBBD00C380C9 /* liblibminissh.dylib */ = {isa = PBXFileReference; explicitFileType = "compiled.mach-o.dylib"; includeInIndex = 0; path = liblibminissh.dylib; sourceTree = BUILT_PRODUCTS_DIR; };
		3B7D1BD01C437E2A00C380C9 /* Types.cpp */ = {isa = PBXFileReference; fileEncoding = 4; lastKnownFileType = sourcecode.cpp.cpp; name = Types.cpp; path = minissh/Library/Types.cpp; sourceTree = "<group>"; };
		3B7D1BD41C437E7B00C380C9 /* Types.h */ = {isa = PBXFileReference; lastKnownFileType = sourcecode.c.h; name = Types.h; path = minissh/Library/Types.h; sourceTree = "<group>"; };
		3B7D1BD91C438B4100C380C9 /* Transport.cpp */ = {isa = PBXFileReference; fileEncoding = 4; lastKnownFileType = sourcecode.cpp.cpp; name = Transport.cpp; path = minissh/Library/Transport.cpp; sourceTree = "<group>"; };
		3B7D1BDA1C438B4100C380C9 /* Transport.h */ = {isa = PBXFileReference; fileEncoding = 4; lastKnownFileType = sourcecode.c.h; name = Transport.h; path = minissh/Library/Transport.h; sourceTree = "<group>"; };
		3BC49EDB24D7550C00312430 /* SshNumbers.cpp */ = {isa = PBXFileReference; fileEncoding = 4; lastKnownFileType = sourcecode.cpp.cpp; name = SshNumbers.cpp; path = minissh/Library/SshNumbers.cpp; sourceTree = "<group>"; };
		3BECB1862494B320004798E5 /* BaseTypes.h */ = {isa = PBXFileReference; lastKnownFileType = sourcecode.c.h; name = BaseTypes.h; path = minissh/Library/BaseTypes.h; sourceTree = "<group>"; };
		3BECB18724989755004798E5 /* Base64.cpp */ = {isa = PBXFileReference; lastKnownFileType = sourcecode.cpp.cpp; name = Base64.cpp; path = minissh/Library/Base64.cpp; sourceTree = "<group>"; };
		3BECB18824989755004798E5 /* Base64.h */ = {isa = PBXFileReference; lastKnownFileType = sourcecode.c.h; name = Base64.h; path = minissh/Library/Base64.h; sourceTree = "<group>"; };
		3BECB18B2498C8BA004798E5 /* DerFile.cpp */ = {isa = PBXFileReference; lastKnownFileType = sourcecode.cpp.cpp; name = DerFile.cpp; path = minissh/Library/DerFile.cpp; sourceTree = "<group>"; };
		3BECB18C2498C8BA004798E5 /* DerFile.h */ = {isa = PBXFileReference; lastKnownFileType = sourcecode.c.h; name = DerFile.h; path = minissh/Library/DerFile.h; sourceTree = "<group>"; };
		3BECB18F24A0993D004798E5 /* KeyFile.cpp */ = {isa = PBXFileReference; lastKnownFileType = sourcecode.cpp.cpp; name = KeyFile.cpp; path = minissh/Library/KeyFile.cpp; sourceTree = "<group>"; };
		3BECB19024A0993D004798E5 /* KeyFile.h */ = {isa = PBXFileReference; lastKnownFileType = sourcecode.c.h; name = KeyFile.h; path = minissh/Library/KeyFile.h; sourceTree = "<group>"; };
		3BFDC13E1C6F34F900024654 /* Client.cpp */ = {isa = PBXFileReference; fileEncoding = 4; lastKnownFileType = sourcecode.cpp.cpp; name = Client.cpp; path = minissh/Library/Client.cpp; sourceTree = "<group>"; };
		3BFDC13F1C6F34F900024654 /* Client.h */ = {isa = PBXFileReference; fileEncoding = 4; lastKnownFileType = sourcecode.c.h; name = Client.h; path = minissh/Library/Client.h; sourceTree = "<group>"; };
		3BFDC1421C73216F00024654 /* SshAuth.cpp */ = {isa = PBXFileReference; fileEncoding = 4; lastKnownFileType = sourcecode.cpp.cpp; name = SshAuth.cpp; path = minissh/Library/SshAuth.cpp; sourceTree = "<group>"; };
		3BFDC1431C73216F00024654 /* SshAuth.h */ = {isa = PBXFileReference; fileEncoding = 4; lastKnownFileType = sourcecode.c.h; name = SshAuth.h; path = minissh/Library/SshAuth.h; sourceTree = "<group>"; };
		3BFDC1461C75CB7A00024654 /* Connection.cpp */ = {isa = PBXFileReference; fileEncoding = 4; lastKnownFileType = sourcecode.cpp.cpp; name = Connection.cpp; path = minissh/Library/Connection.cpp; sourceTree = "<group>"; };
		3BFDC1471C75CB7A00024654 /* Connection.h */ = {isa = PBXFileReference; fileEncoding = 4; lastKnownFileType = sourcecode.c.h; name = Connection.h; path = minissh/Library/Connection.h; sourceTree = "<group>"; };
		3BFDC14E1C78805900024654 /* Session.cpp */ = {isa = PBXFileReference; fileEncoding = 4; lastKnownFileType = sourcecode.cpp.cpp; name = Session.cpp; path = minissh/Library/Session.cpp; sourceTree = "<group>"; };
		3BFDC14F1C78805900024654 /* Session.h */ = {isa = PBXFileReference; fileEncoding = 4; lastKnownFileType = sourcecode.c.h; name = Session.h; path = minissh/Library/Session.h; sourceTree = "<group>"; };
/* End PBXFileReference section */

/* Begin PBXFrameworksBuildPhase section */
		3B7D1BAD1C42FB8F00C380C9 /* Frameworks */ = {
			isa = PBXFrameworksBuildPhase;
			buildActionMask = 2147483647;
			files = (
				3B7D1BC41C42FBCE00C380C9 /* liblibminissh.dylib in Frameworks */,
			);
			runOnlyForDeploymentPostprocessing = 0;
		};
		3B7D1BBD1C42FBBD00C380C9 /* Frameworks */ = {
			isa = PBXFrameworksBuildPhase;
			buildActionMask = 2147483647;
			files = (
			);
			runOnlyForDeploymentPostprocessing = 0;
		};
/* End PBXFrameworksBuildPhase section */

/* Begin PBXGroup section */
		3B7D1BA71C42FB8F00C380C9 = {
			isa = PBXGroup;
			children = (
				3B40C5171C55F850004DA8E5 /* libSystem.dylib */,
				3B7D1BC71C42FBFD00C380C9 /* Library */,
				3B7D1BB21C42FB8F00C380C9 /* Client */,
				3B7D1BB11C42FB8F00C380C9 /* Products */,
			);
			sourceTree = "<group>";
		};
		3B7D1BB11C42FB8F00C380C9 /* Products */ = {
			isa = PBXGroup;
			children = (
				3B7D1BB01C42FB8F00C380C9 /* minissh */,
				3B7D1BC01C42FBBD00C380C9 /* liblibminissh.dylib */,
			);
			name = Products;
			sourceTree = "<group>";
		};
		3B7D1BB21C42FB8F00C380C9 /* Client */ = {
			isa = PBXGroup;
			children = (
				3B7D1BB31C42FB8F00C380C9 /* main.cpp */,
				3B7D1BB51C42FB8F00C380C9 /* minissh.1 */,
			);
			name = Client;
			path = minissh;
			sourceTree = "<group>";
		};
		3B7D1BC71C42FBFD00C380C9 /* Library */ = {
			isa = PBXGroup;
			children = (
				3BECB1862494B320004798E5 /* BaseTypes.h */,
				3B7D1BD01C437E2A00C380C9 /* Types.cpp */,
				3B7D1BD41C437E7B00C380C9 /* Types.h */,
				3B40C50F1C4F69E3004DA8E5 /* Maths.cpp */,
				3B40C5101C4F69E3004DA8E5 /* Maths.h */,
				3B7D1BD91C438B4100C380C9 /* Transport.cpp */,
				3B7D1BDA1C438B4100C380C9 /* Transport.h */,
				3BC49EDB24D7550C00312430 /* SshNumbers.cpp */,
				3B40C5091C4DC478004DA8E5 /* SshNumbers.h */,
				3B40C5131C55CF0E004DA8E5 /* BlumBlumShub.cpp */,
				3B40C5141C55CF0E004DA8E5 /* BlumBlumShub.h */,
				3B40C5191C5E0861004DA8E5 /* DiffieHellman.cpp */,
				3B40C51A1C5E0861004DA8E5 /* DiffieHellman.h */,
				3B40C51D1C5F52B7004DA8E5 /* sha1.cpp */,
				3B40C51E1C5F52B7004DA8E5 /* sha1.h */,
				3B40C5211C60A9EF004DA8E5 /* RSA.cpp */,
				3B40C5221C60A9EF004DA8E5 /* RSA.h */,
				3B40C5251C61F9D8004DA8E5 /* SSH_RSA.cpp */,
				3B40C5261C61F9D8004DA8E5 /* SSH_RSA.h */,
				3B40C52A1C684EC8004DA8E5 /* Encryption.cpp */,
				3B40C5291C6845E7004DA8E5 /* Encryption.h */,
				3B40C52C1C68500D004DA8E5 /* Operations.cpp */,
				3B40C52D1C68500D004DA8E5 /* Operations.h */,
				3B40C5301C6855CC004DA8E5 /* AES.cpp */,
				3B40C5311C6855CC004DA8E5 /* AES.h */,
				3B40C5341C69EEC8004DA8E5 /* SSH_AES.cpp */,
				3B40C5351C69EEC8004DA8E5 /* SSH_AES.h */,
				3B1279521C6B15FF00BDBB06 /* hmac.cpp */,
				3B1279531C6B15FF00BDBB06 /* hmac.h */,
				3B1279561C6B18BA00BDBB06 /* Hash.cpp */,
				3B1279571C6B18BA00BDBB06 /* Hash.h */,
				3B12795A1C6B1C2200BDBB06 /* SSH_HMAC.cpp */,
				3B12795B1C6B1C2200BDBB06 /* SSH_HMAC.h */,
				3BFDC13E1C6F34F900024654 /* Client.cpp */,
				3BFDC13F1C6F34F900024654 /* Client.h */,
				3BFDC1421C73216F00024654 /* SshAuth.cpp */,
				3BFDC1431C73216F00024654 /* SshAuth.h */,
				3BFDC1461C75CB7A00024654 /* Connection.cpp */,
				3BFDC1471C75CB7A00024654 /* Connection.h */,
				3BFDC14E1C78805900024654 /* Session.cpp */,
				3BFDC14F1C78805900024654 /* Session.h */,
				3BECB18724989755004798E5 /* Base64.cpp */,
				3BECB18824989755004798E5 /* Base64.h */,
				3BECB18B2498C8BA004798E5 /* DerFile.cpp */,
				3BECB18C2498C8BA004798E5 /* DerFile.h */,
				3BECB18F24A0993D004798E5 /* KeyFile.cpp */,
				3BECB19024A0993D004798E5 /* KeyFile.h */,
			);
			name = Library;
			sourceTree = "<group>";
		};
/* End PBXGroup section */

/* Begin PBXHeadersBuildPhase section */
		3B7D1BBE1C42FBBD00C380C9 /* Headers */ = {
			isa = PBXHeadersBuildPhase;
			buildActionMask = 2147483647;
			files = (
				3B1279591C6B18BA00BDBB06 /* Hash.h in Headers */,
				3BECB18A24989755004798E5 /* Base64.h in Headers */,
				3B40C5331C6855CC004DA8E5 /* AES.h in Headers */,
				3BFDC1491C75CB7A00024654 /* Connection.h in Headers */,
				3B40C5371C69EEC8004DA8E5 /* SSH_AES.h in Headers */,
				3B40C5121C4F69E3004DA8E5 /* Maths.h in Headers */,
				3BFDC1511C78805900024654 /* Session.h in Headers */,
				3B40C5201C5F52B7004DA8E5 /* sha1.h in Headers */,
				3BECB18E2498C8BA004798E5 /* DerFile.h in Headers */,
				3BFDC1451C73216F00024654 /* SshAuth.h in Headers */,
				3B40C5281C61F9D8004DA8E5 /* SSH_RSA.h in Headers */,
				3B7D1BDC1C438B4100C380C9 /* Transport.h in Headers */,
				3B40C5241C60A9EF004DA8E5 /* RSA.h in Headers */,
				3B40C51C1C5E0861004DA8E5 /* DiffieHellman.h in Headers */,
				3BECB19224A0993D004798E5 /* KeyFile.h in Headers */,
				3BFDC1411C6F34F900024654 /* Client.h in Headers */,
				3B40C5161C55CF0E004DA8E5 /* BlumBlumShub.h in Headers */,
				3B40C52F1C68500D004DA8E5 /* Operations.h in Headers */,
				3B12795D1C6B1C2200BDBB06 /* SSH_HMAC.h in Headers */,
			);
			runOnlyForDeploymentPostprocessing = 0;
		};
/* End PBXHeadersBuildPhase section */

/* Begin PBXNativeTarget section */
		3B7D1BAF1C42FB8F00C380C9 /* minissh */ = {
			isa = PBXNativeTarget;
			buildConfigurationList = 3B7D1BB91C42FB8F00C380C9 /* Build configuration list for PBXNativeTarget "minissh" */;
			buildPhases = (
				3B7D1BAC1C42FB8F00C380C9 /* Sources */,
				3B7D1BAD1C42FB8F00C380C9 /* Frameworks */,
				3B7D1BAE1C42FB8F00C380C9 /* CopyFiles */,
			);
			buildRules = (
			);
			dependencies = (
				3B7D1BC61C42FBE500C380C9 /* PBXTargetDependency */,
			);
			name = minissh;
			productName = minissh;
			productReference = 3B7D1BB01C42FB8F00C380C9 /* minissh */;
			productType = "com.apple.product-type.tool";
		};
		3B7D1BBF1C42FBBD00C380C9 /* libminissh */ = {
			isa = PBXNativeTarget;
			buildConfigurationList = 3B7D1BC11C42FBBE00C380C9 /* Build configuration list for PBXNativeTarget "libminissh" */;
			buildPhases = (
				3B7D1BBC1C42FBBD00C380C9 /* Sources */,
				3B7D1BBD1C42FBBD00C380C9 /* Frameworks */,
				3B7D1BBE1C42FBBD00C380C9 /* Headers */,
			);
			buildRules = (
			);
			dependencies = (
			);
			name = libminissh;
			productName = libminissh;
			productReference = 3B7D1BC01C42FBBD00C380C9 /* liblibminissh.dylib */;
			productType = "com.apple.product-type.library.dynamic";
		};
/* End PBXNativeTarget section */

/* Begin PBXProject section */
		3B7D1BA81C42FB8F00C380C9 /* Project object */ = {
			isa = PBXProject;
			attributes = {
				LastUpgradeCheck = 0510;
				ORGANIZATIONNAME = "MICE Software";
			};
			buildConfigurationList = 3B7D1BAB1C42FB8F00C380C9 /* Build configuration list for PBXProject "minissh" */;
			compatibilityVersion = "Xcode 3.2";
			developmentRegion = English;
			hasScannedForEncodings = 0;
			knownRegions = (
				en,
			);
			mainGroup = 3B7D1BA71C42FB8F00C380C9;
			productRefGroup = 3B7D1BB11C42FB8F00C380C9 /* Products */;
			projectDirPath = "";
			projectRoot = "";
			targets = (
				3B7D1BAF1C42FB8F00C380C9 /* minissh */,
				3B7D1BBF1C42FBBD00C380C9 /* libminissh */,
			);
		};
/* End PBXProject section */

/* Begin PBXSourcesBuildPhase section */
		3B7D1BAC1C42FB8F00C380C9 /* Sources */ = {
			isa = PBXSourcesBuildPhase;
			buildActionMask = 2147483647;
			files = (
				3B7D1BB41C42FB8F00C380C9 /* main.cpp in Sources */,
			);
			runOnlyForDeploymentPostprocessing = 0;
		};
		3B7D1BBC1C42FBBD00C380C9 /* Sources */ = {
			isa = PBXSourcesBuildPhase;
			buildActionMask = 2147483647;
			files = (
				3B40C5361C69EEC8004DA8E5 /* SSH_AES.cpp in Sources */,
				3B40C52B1C684EC8004DA8E5 /* Encryption.cpp in Sources */,
				3B40C52E1C68500D004DA8E5 /* Operations.cpp in Sources */,
				3BFDC1401C6F34F900024654 /* Client.cpp in Sources */,
				3B12795C1C6B1C2200BDBB06 /* SSH_HMAC.cpp in Sources */,
				3B40C5151C55CF0E004DA8E5 /* BlumBlumShub.cpp in Sources */,
				3B40C51B1C5E0861004DA8E5 /* DiffieHellman.cpp in Sources */,
				3B40C51F1C5F52B7004DA8E5 /* sha1.cpp in Sources */,
				3BC49EDC24D7550D00312430 /* SshNumbers.cpp in Sources */,
				3B7D1BDB1C438B4100C380C9 /* Transport.cpp in Sources */,
				3BECB19124A0993D004798E5 /* KeyFile.cpp in Sources */,
				3BFDC1441C73216F00024654 /* SshAuth.cpp in Sources */,
				3B7D1BD21C437E2A00C380C9 /* Types.cpp in Sources */,
				3B1279581C6B18BA00BDBB06 /* Hash.cpp in Sources */,
				3BECB18924989755004798E5 /* Base64.cpp in Sources */,
				3B40C5271C61F9D8004DA8E5 /* SSH_RSA.cpp in Sources */,
				3BECB18D2498C8BA004798E5 /* DerFile.cpp in Sources */,
				3BFDC1481C75CB7A00024654 /* Connection.cpp in Sources */,
				3B40C5321C6855CC004DA8E5 /* AES.cpp in Sources */,
				3BFDC1501C78805900024654 /* Session.cpp in Sources */,
				3B40C5231C60A9EF004DA8E5 /* RSA.cpp in Sources */,
				3B1279551C6B160300BDBB06 /* hmac.cpp in Sources */,
				3B40C5111C4F69E3004DA8E5 /* Maths.cpp in Sources */,
			);
			runOnlyForDeploymentPostprocessing = 0;
		};
/* End PBXSourcesBuildPhase section */

/* Begin PBXTargetDependency section */
		3B7D1BC61C42FBE500C380C9 /* PBXTargetDependency */ = {
			isa = PBXTargetDependency;
			target = 3B7D1BBF1C42FBBD00C380C9 /* libminissh */;
			targetProxy = 3B7D1BC51C42FBE500C380C9 /* PBXContainerItemProxy */;
		};
/* End PBXTargetDependency section */

/* Begin XCBuildConfiguration section */
		3B7D1BB71C42FB8F00C380C9 /* Debug */ = {
			isa = XCBuildConfiguration;
			buildSettings = {
				ALWAYS_SEARCH_USER_PATHS = NO;
				CLANG_CXX_LANGUAGE_STANDARD = "c++17";
				CLANG_CXX_LIBRARY = "libc++";
				CLANG_ENABLE_MODULES = YES;
				CLANG_ENABLE_OBJC_ARC = YES;
				CLANG_WARN_BOOL_CONVERSION = YES;
				CLANG_WARN_CONSTANT_CONVERSION = YES;
				CLANG_WARN_DIRECT_OBJC_ISA_USAGE = YES_ERROR;
				CLANG_WARN_EMPTY_BODY = YES;
				CLANG_WARN_ENUM_CONVERSION = YES;
				CLANG_WARN_INT_CONVERSION = YES;
				CLANG_WARN_OBJC_ROOT_CLASS = YES_ERROR;
				CLANG_WARN__DUPLICATE_METHOD_MATCH = YES;
				COPY_PHASE_STRIP = NO;
				GCC_C_LANGUAGE_STANDARD = gnu99;
				GCC_DYNAMIC_NO_PIC = NO;
				GCC_ENABLE_OBJC_EXCEPTIONS = YES;
				GCC_OPTIMIZATION_LEVEL = 0;
				GCC_PREPROCESSOR_DEFINITIONS = (
					"DEBUG=1",
					"$(inherited)",
				);
				GCC_SYMBOLS_PRIVATE_EXTERN = NO;
				GCC_WARN_64_TO_32_BIT_CONVERSION = YES;
				GCC_WARN_ABOUT_RETURN_TYPE = YES_ERROR;
				GCC_WARN_UNDECLARED_SELECTOR = YES;
				GCC_WARN_UNINITIALIZED_AUTOS = YES_AGGRESSIVE;
				GCC_WARN_UNUSED_FUNCTION = YES;
				GCC_WARN_UNUSED_VARIABLE = YES;
				MACOSX_DEPLOYMENT_TARGET = 10.9;
				ONLY_ACTIVE_ARCH = YES;
				SDKROOT = macosx;
			};
			name = Debug;
		};
		3B7D1BB81C42FB8F00C380C9 /* Release */ = {
			isa = XCBuildConfiguration;
			buildSettings = {
				ALWAYS_SEARCH_USER_PATHS = NO;
				CLANG_CXX_LANGUAGE_STANDARD = "c++17";
				CLANG_CXX_LIBRARY = "libc++";
				CLANG_ENABLE_MODULES = YES;
				CLANG_ENABLE_OBJC_ARC = YES;
				CLANG_WARN_BOOL_CONVERSION = YES;
				CLANG_WARN_CONSTANT_CONVERSION = YES;
				CLANG_WARN_DIRECT_OBJC_ISA_USAGE = YES_ERROR;
				CLANG_WARN_EMPTY_BODY = YES;
				CLANG_WARN_ENUM_CONVERSION = YES;
				CLANG_WARN_INT_CONVERSION = YES;
				CLANG_WARN_OBJC_ROOT_CLASS = YES_ERROR;
				CLANG_WARN__DUPLICATE_METHOD_MATCH = YES;
				COPY_PHASE_STRIP = YES;
				DEBUG_INFORMATION_FORMAT = "dwarf-with-dsym";
				ENABLE_NS_ASSERTIONS = NO;
				GCC_C_LANGUAGE_STANDARD = gnu99;
				GCC_ENABLE_OBJC_EXCEPTIONS = YES;
				GCC_WARN_64_TO_32_BIT_CONVERSION = YES;
				GCC_WARN_ABOUT_RETURN_TYPE = YES_ERROR;
				GCC_WARN_UNDECLARED_SELECTOR = YES;
				GCC_WARN_UNINITIALIZED_AUTOS = YES_AGGRESSIVE;
				GCC_WARN_UNUSED_FUNCTION = YES;
				GCC_WARN_UNUSED_VARIABLE = YES;
				MACOSX_DEPLOYMENT_TARGET = 10.9;
				SDKROOT = macosx;
			};
			name = Release;
		};
		3B7D1BBA1C42FB8F00C380C9 /* Debug */ = {
			isa = XCBuildConfiguration;
			buildSettings = {
				FRAMEWORK_SEARCH_PATHS = "";
				HEADER_SEARCH_PATHS = (
					"$(inherited)",
					/Applications/Xcode.app/Contents/Developer/Toolchains/XcodeDefault.xctoolchain/usr/include,
					"$(SRCROOT)/minissh/Library",
				);
				PRODUCT_NAME = "$(TARGET_NAME)";
				USER_HEADER_SEARCH_PATHS = "";
			};
			name = Debug;
		};
		3B7D1BBB1C42FB8F00C380C9 /* Release */ = {
			isa = XCBuildConfiguration;
			buildSettings = {
				FRAMEWORK_SEARCH_PATHS = "";
				HEADER_SEARCH_PATHS = (
					"$(inherited)",
					/Applications/Xcode.app/Contents/Developer/Toolchains/XcodeDefault.xctoolchain/usr/include,
					"$(SRCROOT)/minissh/Library",
				);
				PRODUCT_NAME = "$(TARGET_NAME)";
				USER_HEADER_SEARCH_PATHS = "";
			};
			name = Release;
		};
		3B7D1BC21C42FBBE00C380C9 /* Debug */ = {
			isa = XCBuildConfiguration;
			buildSettings = {
				EXECUTABLE_PREFIX = lib;
				GCC_PREPROCESSOR_DEFINITIONS = (
					"DEBUG=1",
					"$(inherited)",
				);
				HEADER_SEARCH_PATHS = (
					"$(inherited)",
					/Applications/Xcode.app/Contents/Developer/Toolchains/XcodeDefault.xctoolchain/usr/include,
					"$(SRCROOT)/minissh/Library",
				);
				PRODUCT_NAME = "$(TARGET_NAME)";
				USER_HEADER_SEARCH_PATHS = "";
			};
			name = Debug;
		};
		3B7D1BC31C42FBBE00C380C9 /* Release */ = {
			isa = XCBuildConfiguration;
			buildSettings = {
				EXECUTABLE_PREFIX = lib;
				HEADER_SEARCH_PATHS = (
					"$(inherited)",
					/Applications/Xcode.app/Contents/Developer/Toolchains/XcodeDefault.xctoolchain/usr/include,
					"$(SRCROOT)/minissh/Library",
				);
				PRODUCT_NAME = "$(TARGET_NAME)";
				USER_HEADER_SEARCH_PATHS = "";
			};
			name = Release;
		};
/* End XCBuildConfiguration section */

/* Begin XCConfigurationList section */
		3B7D1BAB1C42FB8F00C380C9 /* Build configuration list for PBXProject "minissh" */ = {
			isa = XCConfigurationList;
			buildConfigurations = (
				3B7D1BB71C42FB8F00C380C9 /* Debug */,
				3B7D1BB81C42FB8F00C380C9 /* Release */,
			);
			defaultConfigurationIsVisible = 0;
			defaultConfigurationName = Release;
		};
		3B7D1BB91C42FB8F00C380C9 /* Build configuration list for PBXNativeTarget "minissh" */ = {
			isa = XCConfigurationList;
			buildConfigurations = (
				3B7D1BBA1C42FB8F00C380C9 /* Debug */,
				3B7D1BBB1C42FB8F00C380C9 /* Release */,
			);
			defaultConfigurationIsVisible = 0;
			defaultConfigurationName = Release;
		};
		3B7D1BC11C42FBBE00C380C9 /* Build configuration list for PBXNativeTarget "libminissh" */ = {
			isa = XCConfigurationList;
			buildConfigurations = (
				3B7D1BC21C42FBBE00C380C9 /* Debug */,
				3B7D1BC31C42FBBE00C380C9 /* Release */,
			);
			defaultConfigurationIsVisible = 0;
			defaultConfigurationName = Release;
		};
/* End XCConfigurationList section */
	};
	rootObject = 3B7D1BA81C42FB8F00C380C9 /* Project object */;
}
